
Microsoft Visual Studio Solution File, Format Version 12.00
# Visual Studio 15
VisualStudioVersion = 15.0.27130.2010
MinimumVisualStudioVersion = 10.0.40219.1
Project("{FAE04EC0-301F-11D3-BF4B-00C04F79EFBC}") = "Stuff.App", "Stuff.App\Stuff.App.csproj", "{F43A3EA1-B035-4A0D-878A-EE108C095C33}"
EndProject
Global
	GlobalSection(SolutionConfigurationPlatforms) = preSolution
		Debug|Any CPU = Debug|Any CPU
		Release|Any CPU = Release|Any CPU
	EndGlobalSection
	GlobalSection(ProjectConfigurationPlatforms) = postSolution
		{F43A3EA1-B035-4A0D-878A-EE108C095C33}.Debug|Any CPU.ActiveCfg = Debug|Any CPU
		{F43A3EA1-B035-4A0D-878A-EE108C095C33}.Debug|Any CPU.Build.0 = Debug|Any CPU
		{F43A3EA1-B035-4A0D-878A-EE108C095C33}.Release|Any CPU.ActiveCfg = Release|Any CPU
		{F43A3EA1-B035-4A0D-878A-EE108C095C33}.Release|Any CPU.Build.0 = Release|Any CPU
	EndGlobalSection
	GlobalSection(SolutionProperties) = preSolution
		HideSolutionNode = FALSE
	EndGlobalSection
	GlobalSection(ExtensibilityGlobals) = postSolution
		SolutionGuid = {94C0B95E-5FF4-481B-BA92-E6E2791F4645}
	EndGlobalSection
EndGlobal
